
Microsoft Visual Studio Solution File, Format Version 12.00
# Visual Studio Version 17
VisualStudioVersion = 17.10.35027.167
MinimumVisualStudioVersion = 10.0.40219.1
Project("{9A19103F-16F7-4668-BE54-9A1E7A4F7556}") = "FirstQuestion", "FirstQuestion\FirstQuestion.csproj", "{0D2CDFAE-0555-46DF-80E0-4390793966B6}"
EndProject
Project("{9A19103F-16F7-4668-BE54-9A1E7A4F7556}") = "SecondQuestion", "SecondQuestion\SecondQuestion.csproj", "{792D9CC7-0C9F-45E2-AC18-788A112377FC}"
EndProject
Project("{FAE04EC0-301F-11D3-BF4B-00C04F79EFBC}") = "ThirdQuestion", "ThirdQuestion\ThirdQuestion.csproj", "{048E3C85-A00D-46D0-A9E8-62E987247BC4}"
EndProject
Project("{FAE04EC0-301F-11D3-BF4B-00C04F79EFBC}") = "FourthQuestion", "FourthQuestion\FourthQuestion.csproj", "{7D4E494B-1676-4C74-8A03-17ED64BA5AC3}"
EndProject
Global
	GlobalSection(SolutionConfigurationPlatforms) = preSolution
		Debug|Any CPU = Debug|Any CPU
		Release|Any CPU = Release|Any CPU
	EndGlobalSection
	GlobalSection(ProjectConfigurationPlatforms) = postSolution
		{0D2CDFAE-0555-46DF-80E0-4390793966B6}.Debug|Any CPU.ActiveCfg = Debug|Any CPU
		{0D2CDFAE-0555-46DF-80E0-4390793966B6}.Debug|Any CPU.Build.0 = Debug|Any CPU
		{0D2CDFAE-0555-46DF-80E0-4390793966B6}.Release|Any CPU.ActiveCfg = Release|Any CPU
		{0D2CDFAE-0555-46DF-80E0-4390793966B6}.Release|Any CPU.Build.0 = Release|Any CPU
		{792D9CC7-0C9F-45E2-AC18-788A112377FC}.Debug|Any CPU.ActiveCfg = Debug|Any CPU
		{792D9CC7-0C9F-45E2-AC18-788A112377FC}.Debug|Any CPU.Build.0 = Debug|Any CPU
		{792D9CC7-0C9F-45E2-AC18-788A112377FC}.Release|Any CPU.ActiveCfg = Release|Any CPU
		{792D9CC7-0C9F-45E2-AC18-788A112377FC}.Release|Any CPU.Build.0 = Release|Any CPU
		{048E3C85-A00D-46D0-A9E8-62E987247BC4}.Debug|Any CPU.ActiveCfg = Debug|Any CPU
		{048E3C85-A00D-46D0-A9E8-62E987247BC4}.Debug|Any CPU.Build.0 = Debug|Any CPU
		{048E3C85-A00D-46D0-A9E8-62E987247BC4}.Release|Any CPU.ActiveCfg = Release|Any CPU
		{048E3C85-A00D-46D0-A9E8-62E987247BC4}.Release|Any CPU.Build.0 = Release|Any CPU
		{7D4E494B-1676-4C74-8A03-17ED64BA5AC3}.Debug|Any CPU.ActiveCfg = Debug|Any CPU
		{7D4E494B-1676-4C74-8A03-17ED64BA5AC3}.Debug|Any CPU.Build.0 = Debug|Any CPU
		{7D4E494B-1676-4C74-8A03-17ED64BA5AC3}.Release|Any CPU.ActiveCfg = Release|Any CPU
		{7D4E494B-1676-4C74-8A03-17ED64BA5AC3}.Release|Any CPU.Build.0 = Release|Any CPU
	EndGlobalSection
	GlobalSection(SolutionProperties) = preSolution
		HideSolutionNode = FALSE
	EndGlobalSection
	GlobalSection(ExtensibilityGlobals) = postSolution
		SolutionGuid = {BD880A33-404C-4E2B-8B0A-2BB0288C6588}
	EndGlobalSection
EndGlobal
